// !$*UTF8*$!
{
	archiveVersion = 1;
	classes = {
	};
	objectVersion = 46;
	objects = {

/* Begin PBXBuildFile section */
		0540DAA719CB7FD600673796 /* SPDYError.h in Headers */ = {isa = PBXBuildFile; fileRef = 06811C961714D426000D1677 /* SPDYError.h */; };
		0540DAA919CB7FEB00673796 /* SPDYCommonLogger.h in Headers */ = {isa = PBXBuildFile; fileRef = 062EA63E175D4CD3003BC1CE /* SPDYCommonLogger.h */; };
		0540DAAA19CB7FEB00673796 /* SPDYCommonLogger.h in Headers */ = {isa = PBXBuildFile; fileRef = 062EA63E175D4CD3003BC1CE /* SPDYCommonLogger.h */; };
		0540DAAB19CB7FF000673796 /* NSURLRequest+SPDYURLRequest.h in Headers */ = {isa = PBXBuildFile; fileRef = 069D0E99168268F10037D8AF /* NSURLRequest+SPDYURLRequest.h */; settings = {ATTRIBUTES = (Public, ); }; };
		0540DAAC19CB7FF900673796 /* SPDYError.h in Headers */ = {isa = PBXBuildFile; fileRef = 06811C961714D426000D1677 /* SPDYError.h */; };
		0540DAAD19CB800C00673796 /* SPDYLogger.h in Headers */ = {isa = PBXBuildFile; fileRef = 06811C9A1715DC85000D1677 /* SPDYLogger.h */; settings = {ATTRIBUTES = (Public, ); }; };
		0540DAAE19CB801900673796 /* SPDYProtocol.h in Headers */ = {isa = PBXBuildFile; fileRef = D2CC14C01618CF62002E37CF /* SPDYProtocol.h */; settings = {ATTRIBUTES = (Public, ); }; };
		0540DAAF19CB802600673796 /* SPDYTLSTrustEvaluator.h in Headers */ = {isa = PBXBuildFile; fileRef = 06E7BF111823B74D004DB65D /* SPDYTLSTrustEvaluator.h */; settings = {ATTRIBUTES = (Public, ); }; };
		05C7CEB919CB456D0032D681 /* NSURLRequest+SPDYURLRequest.h in Headers */ = {isa = PBXBuildFile; fileRef = 069D0E99168268F10037D8AF /* NSURLRequest+SPDYURLRequest.h */; settings = {ATTRIBUTES = (Public, ); }; };
		05C7CEBA19CB45760032D681 /* SPDYLogger.h in Headers */ = {isa = PBXBuildFile; fileRef = 06811C9A1715DC85000D1677 /* SPDYLogger.h */; settings = {ATTRIBUTES = (Public, ); }; };
		05C7CEBB19CB45820032D681 /* SPDYProtocol.h in Headers */ = {isa = PBXBuildFile; fileRef = D2CC14C01618CF62002E37CF /* SPDYProtocol.h */; settings = {ATTRIBUTES = (Public, ); }; };
		05C7CEBC19CB458F0032D681 /* SPDYTLSTrustEvaluator.h in Headers */ = {isa = PBXBuildFile; fileRef = 06E7BF111823B74D004DB65D /* SPDYTLSTrustEvaluator.h */; settings = {ATTRIBUTES = (Public, ); }; };
		060C235E17CE9FCE000B4E9C /* SPDYStreamManagerTest.m in Sources */ = {isa = PBXBuildFile; fileRef = 060C235D17CE9FCE000B4E9C /* SPDYStreamManagerTest.m */; };
		061C8E9517C5954400D22083 /* SPDYStreamManager.m in Sources */ = {isa = PBXBuildFile; fileRef = 061C8E9317C5954400D22083 /* SPDYStreamManager.m */; };
		061C8E9617C5954400D22083 /* SPDYStreamManager.m in Sources */ = {isa = PBXBuildFile; fileRef = 061C8E9317C5954400D22083 /* SPDYStreamManager.m */; };
		061C8E9817C5954400D22083 /* SPDYStreamManager.m in Sources */ = {isa = PBXBuildFile; fileRef = 061C8E9317C5954400D22083 /* SPDYStreamManager.m */; };
		06290995169E4D9700E35A82 /* SPDYHeaderBlockCompressor.m in Sources */ = {isa = PBXBuildFile; fileRef = 06290993169E4D6000E35A82 /* SPDYHeaderBlockCompressor.m */; };
		062EA640175D4CD3003BC1CE /* SPDYCommonLogger.h in Headers */ = {isa = PBXBuildFile; fileRef = 062EA63E175D4CD3003BC1CE /* SPDYCommonLogger.h */; };
		062EA642175D4CD3003BC1CE /* SPDYCommonLogger.m in Sources */ = {isa = PBXBuildFile; fileRef = 062EA63F175D4CD3003BC1CE /* SPDYCommonLogger.m */; };
		062EA643175D4CD3003BC1CE /* SPDYCommonLogger.m in Sources */ = {isa = PBXBuildFile; fileRef = 062EA63F175D4CD3003BC1CE /* SPDYCommonLogger.m */; };
		062EA645175D4CD3003BC1CE /* SPDYCommonLogger.m in Sources */ = {isa = PBXBuildFile; fileRef = 062EA63F175D4CD3003BC1CE /* SPDYCommonLogger.m */; };
		064A05C716F7C313008C7D08 /* SPDYProtocol.h in Headers */ = {isa = PBXBuildFile; fileRef = D2CC14C01618CF62002E37CF /* SPDYProtocol.h */; settings = {ATTRIBUTES = (Public, ); }; };
		064A05D616F8E3AD008C7D08 /* NSURLRequest+SPDYURLRequest.h in Headers */ = {isa = PBXBuildFile; fileRef = 069D0E99168268F10037D8AF /* NSURLRequest+SPDYURLRequest.h */; settings = {ATTRIBUTES = (Public, ); }; };
		064EFB1516715C9F002F0AEC /* SenTestingKit.framework in Frameworks */ = {isa = PBXBuildFile; fileRef = 064EFB1416715C9F002F0AEC /* SenTestingKit.framework */; };
		064EFB1816715C9F002F0AEC /* Foundation.framework in Frameworks */ = {isa = PBXBuildFile; fileRef = D2CC14B216179B43002E37CF /* Foundation.framework */; };
		064EFB1E16715C9F002F0AEC /* InfoPlist.strings in Resources */ = {isa = PBXBuildFile; fileRef = 064EFB1C16715C9F002F0AEC /* InfoPlist.strings */; };
		064EFB2F1671638A002F0AEC /* SPDYMockFrameDecoderDelegate.m in Sources */ = {isa = PBXBuildFile; fileRef = 064EFB2E1671638A002F0AEC /* SPDYMockFrameDecoderDelegate.m */; };
		0651EBE916F3F7C800CE44D2 /* Foundation.framework in Frameworks */ = {isa = PBXBuildFile; fileRef = D2CC14B216179B43002E37CF /* Foundation.framework */; };
		0651EC0916F3F7E500CE44D2 /* Foundation.framework in Frameworks */ = {isa = PBXBuildFile; fileRef = D2CC14B216179B43002E37CF /* Foundation.framework */; };
		0651EC1E16F3F92300CE44D2 /* CFNetwork.framework in Frameworks */ = {isa = PBXBuildFile; fileRef = D2CC14D2161B608C002E37CF /* CFNetwork.framework */; };
		0651EC2016F3FA0B00CE44D2 /* SPDYSocket.m in Sources */ = {isa = PBXBuildFile; fileRef = D2CC14D0161A9EE9002E37CF /* SPDYSocket.m */; };
		0651EC2216F3FA0B00CE44D2 /* NSURLRequest+SPDYURLRequest.m in Sources */ = {isa = PBXBuildFile; fileRef = 069D0E9A168268F10037D8AF /* NSURLRequest+SPDYURLRequest.m */; };
		0651EC2316F3FA0B00CE44D2 /* SPDYFrame.m in Sources */ = {isa = PBXBuildFile; fileRef = D2CC14CA161A25CC002E37CF /* SPDYFrame.m */; };
		0651EC2416F3FA0B00CE44D2 /* SPDYFrameDecoder.m in Sources */ = {isa = PBXBuildFile; fileRef = D2CC14C7161A1952002E37CF /* SPDYFrameDecoder.m */; };
		0651EC2516F3FA0B00CE44D2 /* SPDYFrameEncoder.m in Sources */ = {isa = PBXBuildFile; fileRef = 069D0E9516824A910037D8AF /* SPDYFrameEncoder.m */; };
		0651EC2616F3FA0B00CE44D2 /* SPDYHeaderBlockCompressor.m in Sources */ = {isa = PBXBuildFile; fileRef = 06290993169E4D6000E35A82 /* SPDYHeaderBlockCompressor.m */; };
		0651EC2716F3FA0B00CE44D2 /* SPDYHeaderBlockDecompressor.m in Sources */ = {isa = PBXBuildFile; fileRef = 4FE895BE087AC28BBBC857F9 /* SPDYHeaderBlockDecompressor.m */; };
		0651EC2816F3FA0B00CE44D2 /* SPDYProtocol.m in Sources */ = {isa = PBXBuildFile; fileRef = D2CC14C11618CF62002E37CF /* SPDYProtocol.m */; };
		0651EC2916F3FA0B00CE44D2 /* SPDYSession.m in Sources */ = {isa = PBXBuildFile; fileRef = D2CC14C41618DBF2002E37CF /* SPDYSession.m */; };
		0651EC2A16F3FA0B00CE44D2 /* SPDYSessionManager.m in Sources */ = {isa = PBXBuildFile; fileRef = D2CC14CD161A5826002E37CF /* SPDYSessionManager.m */; };
		0651EC2B16F3FA0B00CE44D2 /* SPDYSettingsStore.m in Sources */ = {isa = PBXBuildFile; fileRef = 06FC94131694B92400FC95DF /* SPDYSettingsStore.m */; };
		0651EC2C16F3FA0B00CE44D2 /* SPDYStream.m in Sources */ = {isa = PBXBuildFile; fileRef = 069D0E89167F9D010037D8AF /* SPDYStream.m */; };
		0651EC3A16F3FA1400CE44D2 /* SPDYSocket.m in Sources */ = {isa = PBXBuildFile; fileRef = D2CC14D0161A9EE9002E37CF /* SPDYSocket.m */; };
		0651EC3C16F3FA1400CE44D2 /* NSURLRequest+SPDYURLRequest.m in Sources */ = {isa = PBXBuildFile; fileRef = 069D0E9A168268F10037D8AF /* NSURLRequest+SPDYURLRequest.m */; };
		0651EC3D16F3FA1400CE44D2 /* SPDYFrame.m in Sources */ = {isa = PBXBuildFile; fileRef = D2CC14CA161A25CC002E37CF /* SPDYFrame.m */; };
		0651EC3E16F3FA1400CE44D2 /* SPDYFrameDecoder.m in Sources */ = {isa = PBXBuildFile; fileRef = D2CC14C7161A1952002E37CF /* SPDYFrameDecoder.m */; };
		0651EC3F16F3FA1400CE44D2 /* SPDYFrameEncoder.m in Sources */ = {isa = PBXBuildFile; fileRef = 069D0E9516824A910037D8AF /* SPDYFrameEncoder.m */; };
		0651EC4016F3FA1400CE44D2 /* SPDYHeaderBlockCompressor.m in Sources */ = {isa = PBXBuildFile; fileRef = 06290993169E4D6000E35A82 /* SPDYHeaderBlockCompressor.m */; };
		0651EC4116F3FA1400CE44D2 /* SPDYHeaderBlockDecompressor.m in Sources */ = {isa = PBXBuildFile; fileRef = 4FE895BE087AC28BBBC857F9 /* SPDYHeaderBlockDecompressor.m */; };
		0651EC4216F3FA1400CE44D2 /* SPDYProtocol.m in Sources */ = {isa = PBXBuildFile; fileRef = D2CC14C11618CF62002E37CF /* SPDYProtocol.m */; };
		0651EC4316F3FA1400CE44D2 /* SPDYSession.m in Sources */ = {isa = PBXBuildFile; fileRef = D2CC14C41618DBF2002E37CF /* SPDYSession.m */; };
		0651EC4416F3FA1400CE44D2 /* SPDYSessionManager.m in Sources */ = {isa = PBXBuildFile; fileRef = D2CC14CD161A5826002E37CF /* SPDYSessionManager.m */; };
		0651EC4516F3FA1400CE44D2 /* SPDYSettingsStore.m in Sources */ = {isa = PBXBuildFile; fileRef = 06FC94131694B92400FC95DF /* SPDYSettingsStore.m */; };
		0651EC4616F3FA1400CE44D2 /* SPDYStream.m in Sources */ = {isa = PBXBuildFile; fileRef = 069D0E89167F9D010037D8AF /* SPDYStream.m */; };
		0651EC4916F3FA4300CE44D2 /* CFNetwork.framework in Frameworks */ = {isa = PBXBuildFile; fileRef = D2CC14D2161B608C002E37CF /* CFNetwork.framework */; };
		0655606819D5EDA600631121 /* SPDYMetadata.m in Sources */ = {isa = PBXBuildFile; fileRef = 0655606719D5EDA600631121 /* SPDYMetadata.m */; };
		0655606919D5EDA600631121 /* SPDYMetadata.m in Sources */ = {isa = PBXBuildFile; fileRef = 0655606719D5EDA600631121 /* SPDYMetadata.m */; };
		0655606A19D5EDA600631121 /* SPDYMetadata.m in Sources */ = {isa = PBXBuildFile; fileRef = 0655606719D5EDA600631121 /* SPDYMetadata.m */; };
		0679F3CF186217FC006F122E /* SPDYOriginTest.m in Sources */ = {isa = PBXBuildFile; fileRef = 0679F3CE186217FC006F122E /* SPDYOriginTest.m */; };
		067EBFE717418F350029F16C /* SPDYStreamTest.m in Sources */ = {isa = PBXBuildFile; fileRef = 067EBFE617418F350029F16C /* SPDYStreamTest.m */; };
		06811C971714D426000D1677 /* SPDYError.h in Headers */ = {isa = PBXBuildFile; fileRef = 06811C961714D426000D1677 /* SPDYError.h */; };
		06811C9B1715DC85000D1677 /* SPDYLogger.h in Headers */ = {isa = PBXBuildFile; fileRef = 06811C9A1715DC85000D1677 /* SPDYLogger.h */; settings = {ATTRIBUTES = (Public, ); }; };
		069AA03916975B65005A72CA /* SPDYFrameCodecTest.m in Sources */ = {isa = PBXBuildFile; fileRef = 069AA03816975B65005A72CA /* SPDYFrameCodecTest.m */; };
		069D0E8B167F9D010037D8AF /* SPDYStream.m in Sources */ = {isa = PBXBuildFile; fileRef = 069D0E89167F9D010037D8AF /* SPDYStream.m */; };
		069D0E9716824A910037D8AF /* SPDYFrameEncoder.m in Sources */ = {isa = PBXBuildFile; fileRef = 069D0E9516824A910037D8AF /* SPDYFrameEncoder.m */; };
		069D0E9C168268F10037D8AF /* NSURLRequest+SPDYURLRequest.m in Sources */ = {isa = PBXBuildFile; fileRef = 069D0E9A168268F10037D8AF /* NSURLRequest+SPDYURLRequest.m */; };
		06B290CE1861018900540A03 /* SPDYOrigin.m in Sources */ = {isa = PBXBuildFile; fileRef = 06B290CD1861018900540A03 /* SPDYOrigin.m */; };
		06B290CF1861018A00540A03 /* SPDYOrigin.m in Sources */ = {isa = PBXBuildFile; fileRef = 06B290CD1861018900540A03 /* SPDYOrigin.m */; };
		06B290D21861018A00540A03 /* SPDYOrigin.m in Sources */ = {isa = PBXBuildFile; fileRef = 06B290CD1861018900540A03 /* SPDYOrigin.m */; };
		06DFBA3D187CDAD3002E6BA1 /* SystemConfiguration.framework in Frameworks */ = {isa = PBXBuildFile; fileRef = 06DFBA3C187CDAD3002E6BA1 /* SystemConfiguration.framework */; };
		06DFBA46187CDD73002E6BA1 /* SystemConfiguration.framework in Frameworks */ = {isa = PBXBuildFile; fileRef = 06DFBA3C187CDAD3002E6BA1 /* SystemConfiguration.framework */; };
		06DFBA47187CDD78002E6BA1 /* SystemConfiguration.framework in Frameworks */ = {isa = PBXBuildFile; fileRef = 06DFBA3C187CDAD3002E6BA1 /* SystemConfiguration.framework */; };
		06E7BF131824371F004DB65D /* SPDYTLSTrustEvaluator.h in Headers */ = {isa = PBXBuildFile; fileRef = 06E7BF111823B74D004DB65D /* SPDYTLSTrustEvaluator.h */; settings = {ATTRIBUTES = (Public, ); }; };
		06FC94151694B92400FC95DF /* SPDYSettingsStore.m in Sources */ = {isa = PBXBuildFile; fileRef = 06FC94131694B92400FC95DF /* SPDYSettingsStore.m */; };
		06FDA20616717DF100137DBD /* SPDYSocket.m in Sources */ = {isa = PBXBuildFile; fileRef = D2CC14D0161A9EE9002E37CF /* SPDYSocket.m */; };
		06FDA20916717DF100137DBD /* SPDYFrame.m in Sources */ = {isa = PBXBuildFile; fileRef = D2CC14CA161A25CC002E37CF /* SPDYFrame.m */; };
		06FDA20B16717DF100137DBD /* SPDYFrameDecoder.m in Sources */ = {isa = PBXBuildFile; fileRef = D2CC14C7161A1952002E37CF /* SPDYFrameDecoder.m */; };
		06FDA20D16717DF100137DBD /* SPDYProtocol.m in Sources */ = {isa = PBXBuildFile; fileRef = D2CC14C11618CF62002E37CF /* SPDYProtocol.m */; };
		06FDA20F16717DF100137DBD /* SPDYSession.m in Sources */ = {isa = PBXBuildFile; fileRef = D2CC14C41618DBF2002E37CF /* SPDYSession.m */; };
		06FDA21116717DF100137DBD /* SPDYSessionManager.m in Sources */ = {isa = PBXBuildFile; fileRef = D2CC14CD161A5826002E37CF /* SPDYSessionManager.m */; };
		06FDA21216717DF100137DBD /* SPDYHeaderBlockDecompressor.m in Sources */ = {isa = PBXBuildFile; fileRef = 4FE895BE087AC28BBBC857F9 /* SPDYHeaderBlockDecompressor.m */; };
		06FDA21616717F1800137DBD /* libz.dylib in Frameworks */ = {isa = PBXBuildFile; fileRef = 06FDA21416717F0500137DBD /* libz.dylib */; };
		06FDA21716717F5E00137DBD /* CFNetwork.framework in Frameworks */ = {isa = PBXBuildFile; fileRef = D2CC14D2161B608C002E37CF /* CFNetwork.framework */; };
		25959A3F1937DE3900FC9731 /* SPDYSessionManagerTest.m in Sources */ = {isa = PBXBuildFile; fileRef = 25959A3E1937DE3900FC9731 /* SPDYSessionManagerTest.m */; };
		5C2229591952257800CAF160 /* SPDYURLRequestTest.m in Sources */ = {isa = PBXBuildFile; fileRef = 5C2229581952257800CAF160 /* SPDYURLRequestTest.m */; };
		7774C1318AB029C6BCEF84D6 /* SPDYSessionTest.m in Sources */ = {isa = PBXBuildFile; fileRef = 7774C2026A4DE9957D75F629 /* SPDYSessionTest.m */; };
		7774C1F1E544793907908882 /* SPDYMockFrameEncoderDelegate.m in Sources */ = {isa = PBXBuildFile; fileRef = 7774C69089A6978113F0C275 /* SPDYMockFrameEncoderDelegate.m */; };
		7774CA1FA1F4A59CA0906BB7 /* SPDYSocket+SPDYSocketMock.m in Sources */ = {isa = PBXBuildFile; fileRef = 7774C0ECD0C6E5D73FB38752 /* SPDYSocket+SPDYSocketMock.m */; };
/* End PBXBuildFile section */

/* Begin PBXFileReference section */
		060C235D17CE9FCE000B4E9C /* SPDYStreamManagerTest.m */ = {isa = PBXFileReference; fileEncoding = 4; lastKnownFileType = sourcecode.c.objc; path = SPDYStreamManagerTest.m; sourceTree = "<group>"; };
		061C8E9217C5954400D22083 /* SPDYStreamManager.h */ = {isa = PBXFileReference; fileEncoding = 4; lastKnownFileType = sourcecode.c.h; path = SPDYStreamManager.h; sourceTree = "<group>"; };
		061C8E9317C5954400D22083 /* SPDYStreamManager.m */ = {isa = PBXFileReference; fileEncoding = 4; lastKnownFileType = sourcecode.c.objc; path = SPDYStreamManager.m; sourceTree = "<group>"; };
		06290990169E497300E35A82 /* SPDYZLibCommon.h */ = {isa = PBXFileReference; fileEncoding = 4; lastKnownFileType = sourcecode.c.h; path = SPDYZLibCommon.h; sourceTree = "<group>"; };
		06290992169E4D5F00E35A82 /* SPDYHeaderBlockCompressor.h */ = {isa = PBXFileReference; fileEncoding = 4; lastKnownFileType = sourcecode.c.h; path = SPDYHeaderBlockCompressor.h; sourceTree = "<group>"; };
		06290993169E4D6000E35A82 /* SPDYHeaderBlockCompressor.m */ = {isa = PBXFileReference; fileEncoding = 4; lastKnownFileType = sourcecode.c.objc; path = SPDYHeaderBlockCompressor.m; sourceTree = "<group>"; };
		062EA63C175D1A15003BC1CE /* SPDYDefinitions.h */ = {isa = PBXFileReference; fileEncoding = 4; lastKnownFileType = sourcecode.c.h; path = SPDYDefinitions.h; sourceTree = "<group>"; };
		062EA63E175D4CD3003BC1CE /* SPDYCommonLogger.h */ = {isa = PBXFileReference; fileEncoding = 4; lastKnownFileType = sourcecode.c.h; path = SPDYCommonLogger.h; sourceTree = "<group>"; };
		062EA63F175D4CD3003BC1CE /* SPDYCommonLogger.m */ = {isa = PBXFileReference; fileEncoding = 4; lastKnownFileType = sourcecode.c.objc; path = SPDYCommonLogger.m; sourceTree = "<group>"; };
		06336DE216F2756A00532180 /* SPDY-Info.plist */ = {isa = PBXFileReference; lastKnownFileType = text.plist.xml; path = "SPDY-Info.plist"; sourceTree = "<group>"; };
		06336DE416F2756A00532180 /* en */ = {isa = PBXFileReference; lastKnownFileType = text.plist.strings; name = en; path = en.lproj/InfoPlist.strings; sourceTree = "<group>"; };
		06336DE616F2756A00532180 /* SPDY-Prefix.pch */ = {isa = PBXFileReference; lastKnownFileType = sourcecode.c.h; path = "SPDY-Prefix.pch"; sourceTree = "<group>"; };
		064EFB1316715C9F002F0AEC /* SPDYUnitTests.octest */ = {isa = PBXFileReference; explicitFileType = wrapper.cfbundle; includeInIndex = 0; path = SPDYUnitTests.octest; sourceTree = BUILT_PRODUCTS_DIR; };
		064EFB1416715C9F002F0AEC /* SenTestingKit.framework */ = {isa = PBXFileReference; lastKnownFileType = wrapper.framework; name = SenTestingKit.framework; path = Library/Frameworks/SenTestingKit.framework; sourceTree = DEVELOPER_DIR; };
		064EFB1B16715C9F002F0AEC /* SPDYUnitTests-Info.plist */ = {isa = PBXFileReference; lastKnownFileType = text.plist.xml; path = "SPDYUnitTests-Info.plist"; sourceTree = "<group>"; };
		064EFB1D16715C9F002F0AEC /* en */ = {isa = PBXFileReference; lastKnownFileType = text.plist.strings; name = en; path = en.lproj/InfoPlist.strings; sourceTree = "<group>"; };
		064EFB2216715C9F002F0AEC /* SPDYUnitTests-Prefix.pch */ = {isa = PBXFileReference; lastKnownFileType = sourcecode.c.h; path = "SPDYUnitTests-Prefix.pch"; sourceTree = "<group>"; };
		064EFB2D16716389002F0AEC /* SPDYMockFrameDecoderDelegate.h */ = {isa = PBXFileReference; fileEncoding = 4; lastKnownFileType = sourcecode.c.h; path = SPDYMockFrameDecoderDelegate.h; sourceTree = "<group>"; };
		064EFB2E1671638A002F0AEC /* SPDYMockFrameDecoderDelegate.m */ = {isa = PBXFileReference; fileEncoding = 4; lastKnownFileType = sourcecode.c.objc; path = SPDYMockFrameDecoderDelegate.m; sourceTree = "<group>"; };
		0651EBE816F3F7C700CE44D2 /* libSPDY.iphoneos.a */ = {isa = PBXFileReference; explicitFileType = archive.ar; includeInIndex = 0; path = libSPDY.iphoneos.a; sourceTree = BUILT_PRODUCTS_DIR; };
		0651EBEC16F3F7C800CE44D2 /* SPDY.iphoneos-Prefix.pch */ = {isa = PBXFileReference; lastKnownFileType = sourcecode.c.h; path = "SPDY.iphoneos-Prefix.pch"; sourceTree = "<group>"; };
		0651EC0816F3F7E500CE44D2 /* libSPDY.macosx.a */ = {isa = PBXFileReference; explicitFileType = archive.ar; includeInIndex = 0; path = libSPDY.macosx.a; sourceTree = BUILT_PRODUCTS_DIR; };
		0651EC0C16F3F7E500CE44D2 /* SPDY.macosx-Prefix.pch */ = {isa = PBXFileReference; lastKnownFileType = sourcecode.c.h; path = "SPDY.macosx-Prefix.pch"; sourceTree = "<group>"; };
		0652631316F7B6360081868F /* SPDY.framework */ = {isa = PBXFileReference; explicitFileType = wrapper.framework; includeInIndex = 0; path = SPDY.framework; sourceTree = BUILT_PRODUCTS_DIR; };
		0655606619D5EDA600631121 /* SPDYMetadata.h */ = {isa = PBXFileReference; fileEncoding = 4; lastKnownFileType = sourcecode.c.h; path = SPDYMetadata.h; sourceTree = "<group>"; };
		0655606719D5EDA600631121 /* SPDYMetadata.m */ = {isa = PBXFileReference; fileEncoding = 4; lastKnownFileType = sourcecode.c.objc; path = SPDYMetadata.m; sourceTree = "<group>"; };
		0679F3CE186217FC006F122E /* SPDYOriginTest.m */ = {isa = PBXFileReference; fileEncoding = 4; lastKnownFileType = sourcecode.c.objc; path = SPDYOriginTest.m; sourceTree = "<group>"; };
		067EBFE617418F350029F16C /* SPDYStreamTest.m */ = {isa = PBXFileReference; fileEncoding = 4; lastKnownFileType = sourcecode.c.objc; path = SPDYStreamTest.m; sourceTree = "<group>"; };
		06811C961714D426000D1677 /* SPDYError.h */ = {isa = PBXFileReference; fileEncoding = 4; lastKnownFileType = sourcecode.c.h; path = SPDYError.h; sourceTree = "<group>"; };
		06811C9A1715DC85000D1677 /* SPDYLogger.h */ = {isa = PBXFileReference; fileEncoding = 4; lastKnownFileType = sourcecode.c.h; path = SPDYLogger.h; sourceTree = "<group>"; };
		069AA03816975B65005A72CA /* SPDYFrameCodecTest.m */ = {isa = PBXFileReference; fileEncoding = 4; lastKnownFileType = sourcecode.c.objc; path = SPDYFrameCodecTest.m; sourceTree = "<group>"; };
		069D0E88167F9D010037D8AF /* SPDYStream.h */ = {isa = PBXFileReference; fileEncoding = 4; lastKnownFileType = sourcecode.c.h; path = SPDYStream.h; sourceTree = "<group>"; };
		069D0E89167F9D010037D8AF /* SPDYStream.m */ = {isa = PBXFileReference; fileEncoding = 4; lastKnownFileType = sourcecode.c.objc; path = SPDYStream.m; sourceTree = "<group>"; };
		069D0E9416824A910037D8AF /* SPDYFrameEncoder.h */ = {isa = PBXFileReference; fileEncoding = 4; lastKnownFileType = sourcecode.c.h; path = SPDYFrameEncoder.h; sourceTree = "<group>"; };
		069D0E9516824A910037D8AF /* SPDYFrameEncoder.m */ = {isa = PBXFileReference; fileEncoding = 4; lastKnownFileType = sourcecode.c.objc; path = SPDYFrameEncoder.m; sourceTree = "<group>"; };
		069D0E99168268F10037D8AF /* NSURLRequest+SPDYURLRequest.h */ = {isa = PBXFileReference; fileEncoding = 4; lastKnownFileType = sourcecode.c.h; path = "NSURLRequest+SPDYURLRequest.h"; sourceTree = "<group>"; };
		069D0E9A168268F10037D8AF /* NSURLRequest+SPDYURLRequest.m */ = {isa = PBXFileReference; fileEncoding = 4; lastKnownFileType = sourcecode.c.objc; path = "NSURLRequest+SPDYURLRequest.m"; sourceTree = "<group>"; };
		06B290CC1861018900540A03 /* SPDYOrigin.h */ = {isa = PBXFileReference; fileEncoding = 4; lastKnownFileType = sourcecode.c.h; path = SPDYOrigin.h; sourceTree = "<group>"; };
		06B290CD1861018900540A03 /* SPDYOrigin.m */ = {isa = PBXFileReference; fileEncoding = 4; lastKnownFileType = sourcecode.c.objc; path = SPDYOrigin.m; sourceTree = "<group>"; };
		06DFBA3C187CDAD3002E6BA1 /* SystemConfiguration.framework */ = {isa = PBXFileReference; lastKnownFileType = wrapper.framework; name = SystemConfiguration.framework; path = System/Library/Frameworks/SystemConfiguration.framework; sourceTree = SDKROOT; };
		06E7BF111823B74D004DB65D /* SPDYTLSTrustEvaluator.h */ = {isa = PBXFileReference; fileEncoding = 4; lastKnownFileType = sourcecode.c.h; path = SPDYTLSTrustEvaluator.h; sourceTree = "<group>"; };
		06FC94121694B92400FC95DF /* SPDYSettingsStore.h */ = {isa = PBXFileReference; fileEncoding = 4; lastKnownFileType = sourcecode.c.h; path = SPDYSettingsStore.h; sourceTree = "<group>"; };
		06FC94131694B92400FC95DF /* SPDYSettingsStore.m */ = {isa = PBXFileReference; fileEncoding = 4; lastKnownFileType = sourcecode.c.objc; path = SPDYSettingsStore.m; sourceTree = "<group>"; };
		06FDA21416717F0500137DBD /* libz.dylib */ = {isa = PBXFileReference; lastKnownFileType = "compiled.mach-o.dylib"; name = libz.dylib; path = usr/lib/libz.dylib; sourceTree = SDKROOT; };
		25959A3E1937DE3900FC9731 /* SPDYSessionManagerTest.m */ = {isa = PBXFileReference; fileEncoding = 4; lastKnownFileType = sourcecode.c.objc; path = SPDYSessionManagerTest.m; sourceTree = "<group>"; };
		4FE891C7065B348CC7EF4BFC /* SPDYHeaderBlockDecompressor.h */ = {isa = PBXFileReference; fileEncoding = 4; lastKnownFileType = sourcecode.c.h; path = SPDYHeaderBlockDecompressor.h; sourceTree = "<group>"; };
		4FE895BE087AC28BBBC857F9 /* SPDYHeaderBlockDecompressor.m */ = {isa = PBXFileReference; fileEncoding = 4; lastKnownFileType = sourcecode.c.objc; path = SPDYHeaderBlockDecompressor.m; sourceTree = "<group>"; };
		5C2229581952257800CAF160 /* SPDYURLRequestTest.m */ = {isa = PBXFileReference; fileEncoding = 4; lastKnownFileType = sourcecode.c.objc; path = SPDYURLRequestTest.m; sourceTree = "<group>"; };
		7774C0ECD0C6E5D73FB38752 /* SPDYSocket+SPDYSocketMock.m */ = {isa = PBXFileReference; fileEncoding = 4; lastKnownFileType = sourcecode.c.objc; path = "SPDYSocket+SPDYSocketMock.m"; sourceTree = "<group>"; };
		7774C2026A4DE9957D75F629 /* SPDYSessionTest.m */ = {isa = PBXFileReference; fileEncoding = 4; lastKnownFileType = sourcecode.c.objc; path = SPDYSessionTest.m; sourceTree = "<group>"; };
		7774C69089A6978113F0C275 /* SPDYMockFrameEncoderDelegate.m */ = {isa = PBXFileReference; fileEncoding = 4; lastKnownFileType = sourcecode.c.objc; path = SPDYMockFrameEncoderDelegate.m; sourceTree = "<group>"; };
		7774C7E1AF717FC36B7F15B6 /* SPDYSocket+SPDYSocketMock.h */ = {isa = PBXFileReference; fileEncoding = 4; lastKnownFileType = sourcecode.c.h; path = "SPDYSocket+SPDYSocketMock.h"; sourceTree = "<group>"; };
		7774CD0A3295C8E314D6E3FF /* SPDYMockFrameEncoderDelegate.h */ = {isa = PBXFileReference; fileEncoding = 4; lastKnownFileType = sourcecode.c.h; path = SPDYMockFrameEncoderDelegate.h; sourceTree = "<group>"; };
		D2CC14B216179B43002E37CF /* Foundation.framework */ = {isa = PBXFileReference; lastKnownFileType = wrapper.framework; name = Foundation.framework; path = System/Library/Frameworks/Foundation.framework; sourceTree = SDKROOT; };
		D2CC14B816179B43002E37CF /* SPDY-Prefix.pch */ = {isa = PBXFileReference; lastKnownFileType = sourcecode.c.h; path = "SPDY-Prefix.pch"; sourceTree = "<group>"; };
		D2CC14C01618CF62002E37CF /* SPDYProtocol.h */ = {isa = PBXFileReference; fileEncoding = 4; lastKnownFileType = sourcecode.c.h; path = SPDYProtocol.h; sourceTree = "<group>"; };
		D2CC14C11618CF62002E37CF /* SPDYProtocol.m */ = {isa = PBXFileReference; fileEncoding = 4; lastKnownFileType = sourcecode.c.objc; path = SPDYProtocol.m; sourceTree = "<group>"; };
		D2CC14C31618DBF2002E37CF /* SPDYSession.h */ = {isa = PBXFileReference; fileEncoding = 4; lastKnownFileType = sourcecode.c.h; path = SPDYSession.h; sourceTree = "<group>"; };
		D2CC14C41618DBF2002E37CF /* SPDYSession.m */ = {isa = PBXFileReference; fileEncoding = 4; lastKnownFileType = sourcecode.c.objc; path = SPDYSession.m; sourceTree = "<group>"; };
		D2CC14C6161A1952002E37CF /* SPDYFrameDecoder.h */ = {isa = PBXFileReference; fileEncoding = 4; lastKnownFileType = sourcecode.c.h; path = SPDYFrameDecoder.h; sourceTree = "<group>"; };
		D2CC14C7161A1952002E37CF /* SPDYFrameDecoder.m */ = {isa = PBXFileReference; fileEncoding = 4; lastKnownFileType = sourcecode.c.objc; path = SPDYFrameDecoder.m; sourceTree = "<group>"; };
		D2CC14C9161A25CC002E37CF /* SPDYFrame.h */ = {isa = PBXFileReference; fileEncoding = 4; lastKnownFileType = sourcecode.c.h; path = SPDYFrame.h; sourceTree = "<group>"; };
		D2CC14CA161A25CC002E37CF /* SPDYFrame.m */ = {isa = PBXFileReference; fileEncoding = 4; lastKnownFileType = sourcecode.c.objc; path = SPDYFrame.m; sourceTree = "<group>"; };
		D2CC14CC161A5826002E37CF /* SPDYSessionManager.h */ = {isa = PBXFileReference; fileEncoding = 4; lastKnownFileType = sourcecode.c.h; path = SPDYSessionManager.h; sourceTree = "<group>"; };
		D2CC14CD161A5826002E37CF /* SPDYSessionManager.m */ = {isa = PBXFileReference; fileEncoding = 4; lastKnownFileType = sourcecode.c.objc; path = SPDYSessionManager.m; sourceTree = "<group>"; };
		D2CC14CF161A9EE9002E37CF /* SPDYSocket.h */ = {isa = PBXFileReference; fileEncoding = 4; lastKnownFileType = sourcecode.c.h; path = SPDYSocket.h; sourceTree = "<group>"; };
		D2CC14D0161A9EE9002E37CF /* SPDYSocket.m */ = {isa = PBXFileReference; fileEncoding = 4; lastKnownFileType = sourcecode.c.objc; path = SPDYSocket.m; sourceTree = "<group>"; };
		D2CC14D2161B608C002E37CF /* CFNetwork.framework */ = {isa = PBXFileReference; lastKnownFileType = wrapper.framework; name = CFNetwork.framework; path = System/Library/Frameworks/CFNetwork.framework; sourceTree = SDKROOT; };
/* End PBXFileReference section */

/* Begin PBXFrameworksBuildPhase section */
		064EFB0F16715C9F002F0AEC /* Frameworks */ = {
			isa = PBXFrameworksBuildPhase;
			buildActionMask = 2147483647;
			files = (
				06DFBA47187CDD78002E6BA1 /* SystemConfiguration.framework in Frameworks */,
				064EFB1516715C9F002F0AEC /* SenTestingKit.framework in Frameworks */,
				064EFB1816715C9F002F0AEC /* Foundation.framework in Frameworks */,
				06FDA21716717F5E00137DBD /* CFNetwork.framework in Frameworks */,
				06FDA21616717F1800137DBD /* libz.dylib in Frameworks */,
			);
			runOnlyForDeploymentPostprocessing = 0;
		};
		0651EBE516F3F7C700CE44D2 /* Frameworks */ = {
			isa = PBXFrameworksBuildPhase;
			buildActionMask = 2147483647;
			files = (
				06DFBA46187CDD73002E6BA1 /* SystemConfiguration.framework in Frameworks */,
				0651EBE916F3F7C800CE44D2 /* Foundation.framework in Frameworks */,
				0651EC4916F3FA4300CE44D2 /* CFNetwork.framework in Frameworks */,
			);
			runOnlyForDeploymentPostprocessing = 0;
		};
		0651EC0516F3F7E500CE44D2 /* Frameworks */ = {
			isa = PBXFrameworksBuildPhase;
			buildActionMask = 2147483647;
			files = (
				06DFBA3D187CDAD3002E6BA1 /* SystemConfiguration.framework in Frameworks */,
				0651EC0916F3F7E500CE44D2 /* Foundation.framework in Frameworks */,
				0651EC1E16F3F92300CE44D2 /* CFNetwork.framework in Frameworks */,
			);
			runOnlyForDeploymentPostprocessing = 0;
		};
/* End PBXFrameworksBuildPhase section */

/* Begin PBXGroup section */
		06336DE016F2756A00532180 /* SPDY.framework */ = {
			isa = PBXGroup;
			children = (
				06336DE316F2756A00532180 /* InfoPlist.strings */,
				06336DE216F2756A00532180 /* SPDY-Info.plist */,
				06336DE616F2756A00532180 /* SPDY-Prefix.pch */,
			);
			name = SPDY.framework;
			path = SPDY;
			sourceTree = "<group>";
		};
		064EFB1916715C9F002F0AEC /* SPDYUnitTests */ = {
			isa = PBXGroup;
			children = (
				064EFB1A16715C9F002F0AEC /* Supporting Files */,
				069AA03816975B65005A72CA /* SPDYFrameCodecTest.m */,
				0679F3CE186217FC006F122E /* SPDYOriginTest.m */,
				25959A3E1937DE3900FC9731 /* SPDYSessionManagerTest.m */,
				7774C2026A4DE9957D75F629 /* SPDYSessionTest.m */,
				060C235D17CE9FCE000B4E9C /* SPDYStreamManagerTest.m */,
				067EBFE617418F350029F16C /* SPDYStreamTest.m */,
				5C2229581952257800CAF160 /* SPDYURLRequestTest.m */,
			);
			path = SPDYUnitTests;
			sourceTree = "<group>";
		};
		064EFB1A16715C9F002F0AEC /* Supporting Files */ = {
			isa = PBXGroup;
			children = (
				064EFB1B16715C9F002F0AEC /* SPDYUnitTests-Info.plist */,
				064EFB1C16715C9F002F0AEC /* InfoPlist.strings */,
				064EFB2216715C9F002F0AEC /* SPDYUnitTests-Prefix.pch */,
				064EFB2D16716389002F0AEC /* SPDYMockFrameDecoderDelegate.h */,
				064EFB2E1671638A002F0AEC /* SPDYMockFrameDecoderDelegate.m */,
				7774CD0A3295C8E314D6E3FF /* SPDYMockFrameEncoderDelegate.h */,
				7774C69089A6978113F0C275 /* SPDYMockFrameEncoderDelegate.m */,
				7774C7E1AF717FC36B7F15B6 /* SPDYSocket+SPDYSocketMock.h */,
				7774C0ECD0C6E5D73FB38752 /* SPDYSocket+SPDYSocketMock.m */,
			);
			name = "Supporting Files";
			sourceTree = "<group>";
		};
		0651EBEA16F3F7C800CE44D2 /* SPDY.iphoneos */ = {
			isa = PBXGroup;
			children = (
				0651EBEC16F3F7C800CE44D2 /* SPDY.iphoneos-Prefix.pch */,
			);
			path = SPDY.iphoneos;
			sourceTree = "<group>";
		};
		0651EC0A16F3F7E500CE44D2 /* SPDY.macosx */ = {
			isa = PBXGroup;
			children = (
				0651EC0C16F3F7E500CE44D2 /* SPDY.macosx-Prefix.pch */,
			);
			path = SPDY.macosx;
			sourceTree = "<group>";
		};
		D2CC14A316179B43002E37CF = {
			isa = PBXGroup;
			children = (
				D2CC14B416179B43002E37CF /* SPDY */,
				064EFB1916715C9F002F0AEC /* SPDYUnitTests */,
				06336DE016F2756A00532180 /* SPDY.framework */,
				0651EBEA16F3F7C800CE44D2 /* SPDY.iphoneos */,
				0651EC0A16F3F7E500CE44D2 /* SPDY.macosx */,
				D2CC14B116179B43002E37CF /* Frameworks */,
				D2CC14AF16179B43002E37CF /* Products */,
			);
			sourceTree = "<group>";
		};
		D2CC14AF16179B43002E37CF /* Products */ = {
			isa = PBXGroup;
			children = (
				064EFB1316715C9F002F0AEC /* SPDYUnitTests.octest */,
				0651EBE816F3F7C700CE44D2 /* libSPDY.iphoneos.a */,
				0651EC0816F3F7E500CE44D2 /* libSPDY.macosx.a */,
				0652631316F7B6360081868F /* SPDY.framework */,
			);
			name = Products;
			sourceTree = "<group>";
		};
		D2CC14B116179B43002E37CF /* Frameworks */ = {
			isa = PBXGroup;
			children = (
				06DFBA3C187CDAD3002E6BA1 /* SystemConfiguration.framework */,
				064EFB1416715C9F002F0AEC /* SenTestingKit.framework */,
				D2CC14B216179B43002E37CF /* Foundation.framework */,
				D2CC14D2161B608C002E37CF /* CFNetwork.framework */,
				06FDA21416717F0500137DBD /* libz.dylib */,
			);
			name = Frameworks;
			sourceTree = "<group>";
		};
		D2CC14B416179B43002E37CF /* SPDY */ = {
			isa = PBXGroup;
			children = (
				069D0E99168268F10037D8AF /* NSURLRequest+SPDYURLRequest.h */,
				069D0E9A168268F10037D8AF /* NSURLRequest+SPDYURLRequest.m */,
				D2CC14B816179B43002E37CF /* SPDY-Prefix.pch */,
				062EA63E175D4CD3003BC1CE /* SPDYCommonLogger.h */,
				062EA63F175D4CD3003BC1CE /* SPDYCommonLogger.m */,
				06811C961714D426000D1677 /* SPDYError.h */,
				062EA63C175D1A15003BC1CE /* SPDYDefinitions.h */,
				D2CC14C9161A25CC002E37CF /* SPDYFrame.h */,
				D2CC14CA161A25CC002E37CF /* SPDYFrame.m */,
				D2CC14C6161A1952002E37CF /* SPDYFrameDecoder.h */,
				D2CC14C7161A1952002E37CF /* SPDYFrameDecoder.m */,
				069D0E9416824A910037D8AF /* SPDYFrameEncoder.h */,
				069D0E9516824A910037D8AF /* SPDYFrameEncoder.m */,
				06290992169E4D5F00E35A82 /* SPDYHeaderBlockCompressor.h */,
				06290993169E4D6000E35A82 /* SPDYHeaderBlockCompressor.m */,
				4FE891C7065B348CC7EF4BFC /* SPDYHeaderBlockDecompressor.h */,
				4FE895BE087AC28BBBC857F9 /* SPDYHeaderBlockDecompressor.m */,
				06811C9A1715DC85000D1677 /* SPDYLogger.h */,
				06B290CC1861018900540A03 /* SPDYOrigin.h */,
				06B290CD1861018900540A03 /* SPDYOrigin.m */,
				D2CC14C01618CF62002E37CF /* SPDYProtocol.h */,
				D2CC14C11618CF62002E37CF /* SPDYProtocol.m */,
				D2CC14C31618DBF2002E37CF /* SPDYSession.h */,
				D2CC14C41618DBF2002E37CF /* SPDYSession.m */,
				D2CC14CC161A5826002E37CF /* SPDYSessionManager.h */,
				D2CC14CD161A5826002E37CF /* SPDYSessionManager.m */,
				06FC94121694B92400FC95DF /* SPDYSettingsStore.h */,
				06FC94131694B92400FC95DF /* SPDYSettingsStore.m */,
				069D0E88167F9D010037D8AF /* SPDYStream.h */,
				069D0E89167F9D010037D8AF /* SPDYStream.m */,
				D2CC14CF161A9EE9002E37CF /* SPDYSocket.h */,
				D2CC14D0161A9EE9002E37CF /* SPDYSocket.m */,
				061C8E9217C5954400D22083 /* SPDYStreamManager.h */,
				061C8E9317C5954400D22083 /* SPDYStreamManager.m */,
				06E7BF111823B74D004DB65D /* SPDYTLSTrustEvaluator.h */,
				06290990169E497300E35A82 /* SPDYZLibCommon.h */,
				0655606619D5EDA600631121 /* SPDYMetadata.h */,
				0655606719D5EDA600631121 /* SPDYMetadata.m */,
			);
			path = SPDY;
			sourceTree = "<group>";
		};
/* End PBXGroup section */

/* Begin PBXHeadersBuildPhase section */
		0540DAA819CB7FE100673796 /* Headers */ = {
			isa = PBXHeadersBuildPhase;
			buildActionMask = 2147483647;
			files = (
				0540DAAB19CB7FF000673796 /* NSURLRequest+SPDYURLRequest.h in Headers */,
				0540DAAD19CB800C00673796 /* SPDYLogger.h in Headers */,
				0540DAAE19CB801900673796 /* SPDYProtocol.h in Headers */,
				0540DAAF19CB802600673796 /* SPDYTLSTrustEvaluator.h in Headers */,
				0540DAAC19CB7FF900673796 /* SPDYError.h in Headers */,
				0540DAA919CB7FEB00673796 /* SPDYCommonLogger.h in Headers */,
			);
			runOnlyForDeploymentPostprocessing = 0;
		};
		05C7CEB019CB45310032D681 /* Headers */ = {
			isa = PBXHeadersBuildPhase;
			buildActionMask = 2147483647;
			files = (
				05C7CEB919CB456D0032D681 /* NSURLRequest+SPDYURLRequest.h in Headers */,
				05C7CEBA19CB45760032D681 /* SPDYLogger.h in Headers */,
				0540DAA719CB7FD600673796 /* SPDYError.h in Headers */,
				05C7CEBB19CB45820032D681 /* SPDYProtocol.h in Headers */,
				05C7CEBC19CB458F0032D681 /* SPDYTLSTrustEvaluator.h in Headers */,
				0540DAAA19CB7FEB00673796 /* SPDYCommonLogger.h in Headers */,
			);
			runOnlyForDeploymentPostprocessing = 0;
		};
		0652631016F7B6360081868F /* Headers */ = {
			isa = PBXHeadersBuildPhase;
			buildActionMask = 2147483647;
			files = (
				064A05D616F8E3AD008C7D08 /* NSURLRequest+SPDYURLRequest.h in Headers */,
				06811C9B1715DC85000D1677 /* SPDYLogger.h in Headers */,
				064A05C716F7C313008C7D08 /* SPDYProtocol.h in Headers */,
				06E7BF131824371F004DB65D /* SPDYTLSTrustEvaluator.h in Headers */,
				06811C971714D426000D1677 /* SPDYError.h in Headers */,
				062EA640175D4CD3003BC1CE /* SPDYCommonLogger.h in Headers */,
			);
			runOnlyForDeploymentPostprocessing = 0;
		};
/* End PBXHeadersBuildPhase section */

/* Begin PBXNativeTarget section */
		064EFB1216715C9F002F0AEC /* SPDYUnitTests */ = {
			isa = PBXNativeTarget;
			buildConfigurationList = 064EFB2316715C9F002F0AEC /* Build configuration list for PBXNativeTarget "SPDYUnitTests" */;
			buildPhases = (
				064EFB0E16715C9F002F0AEC /* Sources */,
				064EFB0F16715C9F002F0AEC /* Frameworks */,
				064EFB1016715C9F002F0AEC /* Resources */,
				064EFB1116715C9F002F0AEC /* ShellScript */,
			);
			buildRules = (
			);
			dependencies = (
			);
			name = SPDYUnitTests;
			productName = SPDYUnitTests;
			productReference = 064EFB1316715C9F002F0AEC /* SPDYUnitTests.octest */;
			productType = "com.apple.product-type.bundle.ocunit-test";
		};
		0651EBE716F3F7C700CE44D2 /* SPDY.iphoneos */ = {
			isa = PBXNativeTarget;
			buildConfigurationList = 0651EBF316F3F7C800CE44D2 /* Build configuration list for PBXNativeTarget "SPDY.iphoneos" */;
			buildPhases = (
				05C7CEB019CB45310032D681 /* Headers */,
				0651EBE416F3F7C700CE44D2 /* Sources */,
				0651EBE516F3F7C700CE44D2 /* Frameworks */,
			);
			buildRules = (
			);
			dependencies = (
			);
			name = SPDY.iphoneos;
			productName = SPDY.iphoneos;
			productReference = 0651EBE816F3F7C700CE44D2 /* libSPDY.iphoneos.a */;
			productType = "com.apple.product-type.library.static";
		};
		0651EC0716F3F7E500CE44D2 /* SPDY.macosx */ = {
			isa = PBXNativeTarget;
			buildConfigurationList = 0651EC1116F3F7E500CE44D2 /* Build configuration list for PBXNativeTarget "SPDY.macosx" */;
			buildPhases = (
				0540DAA819CB7FE100673796 /* Headers */,
				0651EC0416F3F7E500CE44D2 /* Sources */,
				0651EC0516F3F7E500CE44D2 /* Frameworks */,
			);
			buildRules = (
			);
			dependencies = (
			);
			name = SPDY.macosx;
			productName = SPDY.macosx;
			productReference = 0651EC0816F3F7E500CE44D2 /* libSPDY.macosx.a */;
			productType = "com.apple.product-type.library.static";
		};
		0652631216F7B6360081868F /* SPDY */ = {
			isa = PBXNativeTarget;
			buildConfigurationList = 0652632416F7B6360081868F /* Build configuration list for PBXNativeTarget "SPDY" */;
			buildPhases = (
				0652631016F7B6360081868F /* Headers */,
				0652631116F7B6360081868F /* Resources */,
				054A6C6719CB38D000D283C6 /* Build Static Libraries */,
				064A05C816F7C3B2008C7D08 /* Lipo Frameworks */,
			);
			buildRules = (
			);
			dependencies = (
			);
			name = SPDY;
			productName = SPDY;
			productReference = 0652631316F7B6360081868F /* SPDY.framework */;
			productType = "com.apple.product-type.framework";
		};
/* End PBXNativeTarget section */

/* Begin PBXProject section */
		D2CC14A516179B43002E37CF /* Project object */ = {
			isa = PBXProject;
			attributes = {
				LastUpgradeCheck = 0600;
				ORGANIZATIONNAME = Twitter;
			};
			buildConfigurationList = D2CC14A816179B43002E37CF /* Build configuration list for PBXProject "SPDY" */;
			compatibilityVersion = "Xcode 3.2";
			developmentRegion = English;
			hasScannedForEncodings = 0;
			knownRegions = (
				en,
			);
			mainGroup = D2CC14A316179B43002E37CF;
			productRefGroup = D2CC14AF16179B43002E37CF /* Products */;
			projectDirPath = "";
			projectRoot = "";
			targets = (
				064EFB1216715C9F002F0AEC /* SPDYUnitTests */,
				0651EBE716F3F7C700CE44D2 /* SPDY.iphoneos */,
				0651EC0716F3F7E500CE44D2 /* SPDY.macosx */,
				0652631216F7B6360081868F /* SPDY */,
			);
		};
/* End PBXProject section */

/* Begin PBXResourcesBuildPhase section */
		064EFB1016715C9F002F0AEC /* Resources */ = {
			isa = PBXResourcesBuildPhase;
			buildActionMask = 2147483647;
			files = (
				064EFB1E16715C9F002F0AEC /* InfoPlist.strings in Resources */,
			);
			runOnlyForDeploymentPostprocessing = 0;
		};
		0652631116F7B6360081868F /* Resources */ = {
			isa = PBXResourcesBuildPhase;
			buildActionMask = 2147483647;
			files = (
			);
			runOnlyForDeploymentPostprocessing = 0;
		};
/* End PBXResourcesBuildPhase section */

/* Begin PBXShellScriptBuildPhase section */
		054A6C6719CB38D000D283C6 /* Build Static Libraries */ = {
			isa = PBXShellScriptBuildPhase;
			buildActionMask = 2147483647;
			files = (
			);
			inputPaths = (
			);
			name = "Build Static Libraries";
			outputPaths = (
			);
			runOnlyForDeploymentPostprocessing = 0;
			shellPath = /bin/sh;
			shellScript = "xcodebuild -configuration \"${CONFIGURATION}\" -project \"${PROJECT_NAME}.xcodeproj\" -target \"SPDY.iphoneos\" -sdk \"iphonesimulator\" ${ACTION} ARCHS=\"i386 x86_64\" BUILD_DIR=\"${BUILD_DIR}\" BUILD_ROOT=\"${BUILD_ROOT}\" SYMROOT=\"${SYMROOT}\"\n\nxcodebuild -configuration \"${CONFIGURATION}\" -project \"${PROJECT_NAME}.xcodeproj\" -target \"SPDY.iphoneos\" -sdk \"iphoneos\" ARCHS=\"armv7 armv7s arm64\" ${ACTION} BUILD_DIR=\"${BUILD_DIR}\" BUILD_ROOT=\"${BUILD_ROOT}\" SYMROOT=\"${SYMROOT}\"\n\nxcodebuild -configuration \"${CONFIGURATION}\" -project \"${PROJECT_NAME}.xcodeproj\" -target \"SPDY.macosx\" -sdk \"macosx\" ARCHS=\"i386 x86_64\" ${ACTION} BUILD_DIR=\"${BUILD_DIR}\" BUILD_ROOT=\"${BUILD_ROOT}\" SYMROOT=\"${SYMROOT}\"\n\n";
		};
		064A05C816F7C3B2008C7D08 /* Lipo Frameworks */ = {
			isa = PBXShellScriptBuildPhase;
			buildActionMask = 2147483647;
			files = (
			);
			inputPaths = (
				"",
			);
			name = "Lipo Frameworks";
			outputPaths = (
			);
			runOnlyForDeploymentPostprocessing = 0;
			shellPath = /bin/sh;
			shellScript = "set -e\n\n\n#Variables\nIOS_LIB_PATH=\"${BUILD_DIR}/${CONFIGURATION}-iphoneos/lib${PROJECT_NAME}.iphoneos.a\"\nSIM_LIB_PATH=\"${BUILD_DIR}/${CONFIGURATION}-iphonesimulator/lib${PROJECT_NAME}.iphoneos.a\"\nOSX_LIB_PATH=\"${BUILD_DIR}/${CONFIGURATION}/lib${PROJECT_NAME}.macosx.a\"\nIOS_FRAMEWORK_PATH=\"${BUILD_DIR}/${CONFIGURATION}-iphoneos/${PRODUCT_NAME}.framework\"\nOSX_FRAMEWORK_PATH=\"${BUILD_DIR}/${CONFIGURATION}/${PRODUCT_NAME}.framework\"\n\nSPDY_CONFIG=\"${BUILD_DIR}/${CONFIGURATION}/spdy_install.config\"\nSPDY_INSTALL_SCRIPT=\"${BUILD_DIR}/${CONFIGURATION}/spdy_install.sh\"\n\n#Install Functions\ninstall_iphoneos(){\n  rm -rf \"${IOS_FRAMEWORK_PATH}\"\n  cp -fR \"${OSX_FRAMEWORK_PATH}\" \"${IOS_FRAMEWORK_PATH}\"\n\n  static_libs=( \"${IOS_LIB_PATH}\" \"${SIM_LIB_PATH}\" )\n  install \"${IOS_FRAMEWORK_PATH}\" \"${static_libs[@]}\"\n}\n\ninstall_macosx(){\n  static_libs=( \"${OSX_LIB_PATH}\" )\n  install \"${OSX_FRAMEWORK_PATH}\" \"${static_libs[@]}\"\n}\n\ninstall() {\n  output_dir=$1\n  shift\n  static_libraries=($@)\n\n  mkdir -p \"${output_dir}\"\n\n  lipo \"${static_libraries[@]}\" -create -output \"${output_dir}/Versions/A/${PRODUCT_NAME}\"\n\n  if [[ $CONFIGURATION == \"Release\" ]]; then\n    strip -S \"${output_dir}/Versions/A/${PRODUCT_NAME}\"\n  fi\n\n  ln -fs \"${output_dir}/Versions/Current/${PRODUCT_NAME}\" \"${output_dir}/${PRODUCT_NAME}\"\n}\n\n#Script\nif [ -f \"${SPDY_CONFIG}\" ]; then\n  source \"${SPDY_CONFIG}\"\nfi\n\nif [ -n \"${SPDY_INSTALL_SDK}\" ]; then\n  if [[ $SPDY_INSTALL_SDK == \"iphoneos\" ]]; then\n    install_iphoneos\n  elif [[ $SPDY_INSTALL_SDK == \"macosx\" ]]; then\n    install_macosx\n  fi\nelse\n  install_iphoneos\n  install_macosx\nfi\n\nif [ -f \"${SPDY_INSTALL_SCRIPT}\" ]; then\n  source \"${SPDY_INSTALL_SCRIPT}\"\nfi\n";
		};
		064EFB1116715C9F002F0AEC /* ShellScript */ = {
			isa = PBXShellScriptBuildPhase;
			buildActionMask = 2147483647;
			files = (
			);
			inputPaths = (
			);
			outputPaths = (
			);
			runOnlyForDeploymentPostprocessing = 0;
			shellPath = /bin/sh;
			shellScript = "# Run the unit tests in this test bundle.\n\"${SYSTEM_DEVELOPER_DIR}/Tools/RunUnitTests\"\n";
		};
/* End PBXShellScriptBuildPhase section */

/* Begin PBXSourcesBuildPhase section */
		064EFB0E16715C9F002F0AEC /* Sources */ = {
			isa = PBXSourcesBuildPhase;
			buildActionMask = 2147483647;
			files = (
				06FDA20616717DF100137DBD /* SPDYSocket.m in Sources */,
				06FDA20916717DF100137DBD /* SPDYFrame.m in Sources */,
				06FDA20B16717DF100137DBD /* SPDYFrameDecoder.m in Sources */,
				0679F3CF186217FC006F122E /* SPDYOriginTest.m in Sources */,
				06FDA20D16717DF100137DBD /* SPDYProtocol.m in Sources */,
				06FDA20F16717DF100137DBD /* SPDYSession.m in Sources */,
				06FDA21116717DF100137DBD /* SPDYSessionManager.m in Sources */,
				060C235E17CE9FCE000B4E9C /* SPDYStreamManagerTest.m in Sources */,
				0655606819D5EDA600631121 /* SPDYMetadata.m in Sources */,
				06290995169E4D9700E35A82 /* SPDYHeaderBlockCompressor.m in Sources */,
				06FDA21216717DF100137DBD /* SPDYHeaderBlockDecompressor.m in Sources */,
				5C2229591952257800CAF160 /* SPDYURLRequestTest.m in Sources */,
				064EFB2F1671638A002F0AEC /* SPDYMockFrameDecoderDelegate.m in Sources */,
				069D0E8B167F9D010037D8AF /* SPDYStream.m in Sources */,
				069D0E9716824A910037D8AF /* SPDYFrameEncoder.m in Sources */,
				069D0E9C168268F10037D8AF /* NSURLRequest+SPDYURLRequest.m in Sources */,
				06FC94151694B92400FC95DF /* SPDYSettingsStore.m in Sources */,
				069AA03916975B65005A72CA /* SPDYFrameCodecTest.m in Sources */,
				067EBFE717418F350029F16C /* SPDYStreamTest.m in Sources */,
				062EA642175D4CD3003BC1CE /* SPDYCommonLogger.m in Sources */,
				25959A3F1937DE3900FC9731 /* SPDYSessionManagerTest.m in Sources */,
				061C8E9517C5954400D22083 /* SPDYStreamManager.m in Sources */,
				06B290CE1861018900540A03 /* SPDYOrigin.m in Sources */,
				7774C1F1E544793907908882 /* SPDYMockFrameEncoderDelegate.m in Sources */,
				7774CA1FA1F4A59CA0906BB7 /* SPDYSocket+SPDYSocketMock.m in Sources */,
				7774C1318AB029C6BCEF84D6 /* SPDYSessionTest.m in Sources */,
			);
			runOnlyForDeploymentPostprocessing = 0;
		};
		0651EBE416F3F7C700CE44D2 /* Sources */ = {
			isa = PBXSourcesBuildPhase;
			buildActionMask = 2147483647;
			files = (
				0651EC3A16F3FA1400CE44D2 /* SPDYSocket.m in Sources */,
				0651EC3C16F3FA1400CE44D2 /* NSURLRequest+SPDYURLRequest.m in Sources */,
				0651EC3D16F3FA1400CE44D2 /* SPDYFrame.m in Sources */,
				0651EC3E16F3FA1400CE44D2 /* SPDYFrameDecoder.m in Sources */,
				0651EC3F16F3FA1400CE44D2 /* SPDYFrameEncoder.m in Sources */,
				0651EC4016F3FA1400CE44D2 /* SPDYHeaderBlockCompressor.m in Sources */,
				0651EC4116F3FA1400CE44D2 /* SPDYHeaderBlockDecompressor.m in Sources */,
				0651EC4216F3FA1400CE44D2 /* SPDYProtocol.m in Sources */,
				0651EC4316F3FA1400CE44D2 /* SPDYSession.m in Sources */,
				0651EC4416F3FA1400CE44D2 /* SPDYSessionManager.m in Sources */,
				0655606919D5EDA600631121 /* SPDYMetadata.m in Sources */,
				0651EC4516F3FA1400CE44D2 /* SPDYSettingsStore.m in Sources */,
				0651EC4616F3FA1400CE44D2 /* SPDYStream.m in Sources */,
				062EA643175D4CD3003BC1CE /* SPDYCommonLogger.m in Sources */,
				061C8E9617C5954400D22083 /* SPDYStreamManager.m in Sources */,
				06B290CF1861018A00540A03 /* SPDYOrigin.m in Sources */,
			);
			runOnlyForDeploymentPostprocessing = 0;
		};
		0651EC0416F3F7E500CE44D2 /* Sources */ = {
			isa = PBXSourcesBuildPhase;
			buildActionMask = 2147483647;
			files = (
				0651EC2016F3FA0B00CE44D2 /* SPDYSocket.m in Sources */,
				0651EC2216F3FA0B00CE44D2 /* NSURLRequest+SPDYURLRequest.m in Sources */,
				0651EC2316F3FA0B00CE44D2 /* SPDYFrame.m in Sources */,
				0651EC2416F3FA0B00CE44D2 /* SPDYFrameDecoder.m in Sources */,
				0651EC2516F3FA0B00CE44D2 /* SPDYFrameEncoder.m in Sources */,
				0651EC2616F3FA0B00CE44D2 /* SPDYHeaderBlockCompressor.m in Sources */,
				0651EC2716F3FA0B00CE44D2 /* SPDYHeaderBlockDecompressor.m in Sources */,
				0651EC2816F3FA0B00CE44D2 /* SPDYProtocol.m in Sources */,
				0651EC2916F3FA0B00CE44D2 /* SPDYSession.m in Sources */,
				0651EC2A16F3FA0B00CE44D2 /* SPDYSessionManager.m in Sources */,
				0655606A19D5EDA600631121 /* SPDYMetadata.m in Sources */,
				0651EC2B16F3FA0B00CE44D2 /* SPDYSettingsStore.m in Sources */,
				0651EC2C16F3FA0B00CE44D2 /* SPDYStream.m in Sources */,
				062EA645175D4CD3003BC1CE /* SPDYCommonLogger.m in Sources */,
				061C8E9817C5954400D22083 /* SPDYStreamManager.m in Sources */,
				06B290D21861018A00540A03 /* SPDYOrigin.m in Sources */,
			);
			runOnlyForDeploymentPostprocessing = 0;
		};
/* End PBXSourcesBuildPhase section */

/* Begin PBXVariantGroup section */
		06336DE316F2756A00532180 /* InfoPlist.strings */ = {
			isa = PBXVariantGroup;
			children = (
				06336DE416F2756A00532180 /* en */,
			);
			name = InfoPlist.strings;
			sourceTree = "<group>";
		};
		064EFB1C16715C9F002F0AEC /* InfoPlist.strings */ = {
			isa = PBXVariantGroup;
			children = (
				064EFB1D16715C9F002F0AEC /* en */,
			);
			name = InfoPlist.strings;
			sourceTree = "<group>";
		};
/* End PBXVariantGroup section */

/* Begin XCBuildConfiguration section */
		064EFB2416715C9F002F0AEC /* Debug */ = {
			isa = XCBuildConfiguration;
			buildSettings = {
				CLANG_ENABLE_OBJC_ARC = YES;
				FRAMEWORK_SEARCH_PATHS = (
					"$(SDKROOT)/Developer/Library/Frameworks",
					"$(inherited)",
				);
				GCC_PRECOMPILE_PREFIX_HEADER = YES;
				GCC_PREFIX_HEADER = "SPDYUnitTests/SPDYUnitTests-Prefix.pch";
				INFOPLIST_FILE = "SPDYUnitTests/SPDYUnitTests-Info.plist";
				IPHONEOS_DEPLOYMENT_TARGET = 6.0;
				PRODUCT_NAME = "$(TARGET_NAME)";
				WRAPPER_EXTENSION = octest;
			};
			name = Debug;
		};
		064EFB2516715C9F002F0AEC /* Release */ = {
			isa = XCBuildConfiguration;
			buildSettings = {
				CLANG_ENABLE_OBJC_ARC = YES;
				FRAMEWORK_SEARCH_PATHS = (
					"$(SDKROOT)/Developer/Library/Frameworks",
					"$(inherited)",
				);
				GCC_PRECOMPILE_PREFIX_HEADER = YES;
				GCC_PREFIX_HEADER = "SPDYUnitTests/SPDYUnitTests-Prefix.pch";
				INFOPLIST_FILE = "SPDYUnitTests/SPDYUnitTests-Info.plist";
				IPHONEOS_DEPLOYMENT_TARGET = 6.0;
				PRODUCT_NAME = "$(TARGET_NAME)";
				VALIDATE_PRODUCT = YES;
				WRAPPER_EXTENSION = octest;
			};
			name = Release;
		};
		0651EBF116F3F7C800CE44D2 /* Debug */ = {
			isa = XCBuildConfiguration;
			buildSettings = {
				ARCHS = "$(ARCHS_STANDARD)";
				CLANG_ENABLE_OBJC_ARC = YES;
				CLANG_WARN_CONSTANT_CONVERSION = YES;
				CLANG_WARN_ENUM_CONVERSION = YES;
				CLANG_WARN_INT_CONVERSION = YES;
				DSTROOT = /tmp/SPDY_iphoneos.dst;
				GCC_PRECOMPILE_PREFIX_HEADER = YES;
				GCC_PREFIX_HEADER = "SPDY.iphoneos/SPDY.iphoneos-Prefix.pch";
				IPHONEOS_DEPLOYMENT_TARGET = 5.1.1;
				ONLY_ACTIVE_ARCH = NO;
				OTHER_LDFLAGS = "-ObjC";
				PRODUCT_NAME = "$(TARGET_NAME)";
				PUBLIC_HEADERS_FOLDER_PATH = include/SPDY;
				SKIP_INSTALL = YES;
				VALID_ARCHS = "armv7 armv7s arm64 x86_64 i386";
			};
			name = Debug;
		};
		0651EBF216F3F7C800CE44D2 /* Release */ = {
			isa = XCBuildConfiguration;
			buildSettings = {
				ARCHS = "$(ARCHS_STANDARD)";
				CLANG_ENABLE_OBJC_ARC = YES;
				CLANG_WARN_CONSTANT_CONVERSION = YES;
				CLANG_WARN_ENUM_CONVERSION = YES;
				CLANG_WARN_INT_CONVERSION = YES;
				DSTROOT = /tmp/SPDY_iphoneos.dst;
				GCC_PRECOMPILE_PREFIX_HEADER = YES;
				GCC_PREFIX_HEADER = "SPDY.iphoneos/SPDY.iphoneos-Prefix.pch";
				IPHONEOS_DEPLOYMENT_TARGET = 5.1.1;
				ONLY_ACTIVE_ARCH = NO;
				OTHER_LDFLAGS = "-ObjC";
				PRODUCT_NAME = "$(TARGET_NAME)";
				PUBLIC_HEADERS_FOLDER_PATH = include/SPDY;
				SKIP_INSTALL = YES;
				VALIDATE_PRODUCT = YES;
				VALID_ARCHS = "armv7 armv7s arm64 x86_64 i386";
			};
			name = Release;
		};
		0651EC1216F3F7E500CE44D2 /* Debug */ = {
			isa = XCBuildConfiguration;
			buildSettings = {
				ARCHS = "$(ARCHS_STANDARD_64_BIT)";
				CLANG_ENABLE_OBJC_ARC = YES;
				CLANG_WARN_CONSTANT_CONVERSION = YES;
				CLANG_WARN_ENUM_CONVERSION = YES;
				CLANG_WARN_INT_CONVERSION = YES;
				COMBINE_HIDPI_IMAGES = YES;
				DSTROOT = /tmp/SPDY_macosx.dst;
				GCC_PRECOMPILE_PREFIX_HEADER = YES;
				GCC_PREFIX_HEADER = "SPDY.macosx/SPDY.macosx-Prefix.pch";
				ONLY_ACTIVE_ARCH = NO;
				OTHER_LDFLAGS = "-ObjC";
				PRODUCT_NAME = "$(TARGET_NAME)";
				SDKROOT = macosx;
				SKIP_INSTALL = YES;
				VALID_ARCHS = x86_64;
			};
			name = Debug;
		};
		0651EC1316F3F7E500CE44D2 /* Release */ = {
			isa = XCBuildConfiguration;
			buildSettings = {
				ARCHS = "$(ARCHS_STANDARD_64_BIT)";
				CLANG_ENABLE_OBJC_ARC = YES;
				CLANG_WARN_CONSTANT_CONVERSION = YES;
				CLANG_WARN_ENUM_CONVERSION = YES;
				CLANG_WARN_INT_CONVERSION = YES;
				COMBINE_HIDPI_IMAGES = YES;
				DSTROOT = /tmp/SPDY_macosx.dst;
				GCC_PRECOMPILE_PREFIX_HEADER = YES;
				GCC_PREFIX_HEADER = "SPDY.macosx/SPDY.macosx-Prefix.pch";
				ONLY_ACTIVE_ARCH = NO;
				OTHER_LDFLAGS = "-ObjC";
				PRODUCT_NAME = "$(TARGET_NAME)";
				SDKROOT = macosx;
				SKIP_INSTALL = YES;
				VALIDATE_PRODUCT = YES;
				VALID_ARCHS = x86_64;
			};
			name = Release;
		};
		0652632516F7B6360081868F /* Debug */ = {
			isa = XCBuildConfiguration;
			buildSettings = {
				ARCHS = "$(ARCHS_STANDARD_32_BIT)";
				CLANG_ENABLE_OBJC_ARC = YES;
				CLANG_WARN_CONSTANT_CONVERSION = YES;
				CLANG_WARN_ENUM_CONVERSION = YES;
				CLANG_WARN_INT_CONVERSION = YES;
				COMBINE_HIDPI_IMAGES = YES;
				CONFIGURATION_BUILD_DIR = "$(BUILD_DIR)/$(CONFIGURATION)";
				CONFIGURATION_TEMP_DIR = "$(PROJECT_TEMP_DIR)/$(CONFIGURATION)";
				DYLIB_COMPATIBILITY_VERSION = 1;
				DYLIB_CURRENT_VERSION = 1;
				FRAMEWORK_SEARCH_PATHS = (
					"$(inherited)",
					"\"$(SYSTEM_APPS_DIR)/Xcode.app/Contents/Developer/Library/Frameworks\"",
				);
				FRAMEWORK_VERSION = A;
				GCC_PRECOMPILE_PREFIX_HEADER = YES;
				GCC_PREFIX_HEADER = "SPDY/SPDY-Prefix.pch";
				INFOPLIST_FILE = "SPDY/SPDY-Info.plist";
				ONLY_ACTIVE_ARCH = NO;
				PRODUCT_NAME = "$(TARGET_NAME)";
				SDKROOT = macosx;
				SUPPORTED_PLATFORMS = macosx;
				WRAPPER_EXTENSION = framework;
			};
			name = Debug;
		};
		0652632616F7B6360081868F /* Release */ = {
			isa = XCBuildConfiguration;
			buildSettings = {
				ARCHS = "$(ARCHS_STANDARD_32_BIT)";
				CLANG_ENABLE_OBJC_ARC = YES;
				CLANG_WARN_CONSTANT_CONVERSION = YES;
				CLANG_WARN_ENUM_CONVERSION = YES;
				CLANG_WARN_INT_CONVERSION = YES;
				COMBINE_HIDPI_IMAGES = YES;
				CONFIGURATION_BUILD_DIR = "$(BUILD_DIR)/$(CONFIGURATION)";
				CONFIGURATION_TEMP_DIR = "$(PROJECT_TEMP_DIR)/$(CONFIGURATION)";
				DYLIB_COMPATIBILITY_VERSION = 1;
				DYLIB_CURRENT_VERSION = 1;
				FRAMEWORK_SEARCH_PATHS = (
					"$(inherited)",
					"\"$(SYSTEM_APPS_DIR)/Xcode.app/Contents/Developer/Library/Frameworks\"",
				);
				FRAMEWORK_VERSION = A;
				GCC_PRECOMPILE_PREFIX_HEADER = YES;
				GCC_PREFIX_HEADER = "SPDY/SPDY-Prefix.pch";
				INFOPLIST_FILE = "SPDY/SPDY-Info.plist";
				ONLY_ACTIVE_ARCH = NO;
				PRODUCT_NAME = "$(TARGET_NAME)";
				SDKROOT = macosx;
				SUPPORTED_PLATFORMS = macosx;
				WRAPPER_EXTENSION = framework;
			};
			name = Release;
		};
		D2CC14BB16179B43002E37CF /* Debug */ = {
			isa = XCBuildConfiguration;
			buildSettings = {
				ALWAYS_SEARCH_USER_PATHS = NO;
				ARCHS = "$(ARCHS_STANDARD_32_BIT)";
				CLANG_CXX_LANGUAGE_STANDARD = "gnu++0x";
				CLANG_CXX_LIBRARY = "libc++";
				CLANG_WARN_EMPTY_BODY = YES;
				CLANG_WARN__DUPLICATE_METHOD_MATCH = YES;
				COPY_PHASE_STRIP = NO;
				GCC_C_LANGUAGE_STANDARD = gnu99;
				GCC_DYNAMIC_NO_PIC = NO;
				GCC_ENABLE_OBJC_EXCEPTIONS = YES;
				GCC_OPTIMIZATION_LEVEL = 0;
				GCC_PREPROCESSOR_DEFINITIONS = (
					"DEBUG=1",
					"$(inherited)",
				);
				GCC_SYMBOLS_PRIVATE_EXTERN = NO;
				GCC_WARN_64_TO_32_BIT_CONVERSION = YES;
				GCC_WARN_ABOUT_RETURN_TYPE = YES;
				GCC_WARN_UNINITIALIZED_AUTOS = YES;
				GCC_WARN_UNUSED_VARIABLE = YES;
				MACOSX_DEPLOYMENT_TARGET = 10.7;
				ONLY_ACTIVE_ARCH = YES;
				SDKROOT = iphoneos;
			};
			name = Debug;
		};
		D2CC14BC16179B43002E37CF /* Release */ = {
			isa = XCBuildConfiguration;
			buildSettings = {
				ALWAYS_SEARCH_USER_PATHS = NO;
				ARCHS = "$(ARCHS_STANDARD_32_BIT)";
				CLANG_CXX_LANGUAGE_STANDARD = "gnu++0x";
				CLANG_CXX_LIBRARY = "libc++";
				CLANG_WARN_EMPTY_BODY = YES;
				CLANG_WARN__DUPLICATE_METHOD_MATCH = YES;
				COPY_PHASE_STRIP = YES;
				DEBUG_INFORMATION_FORMAT = "dwarf-with-dsym";
				GCC_C_LANGUAGE_STANDARD = gnu99;
				GCC_ENABLE_OBJC_EXCEPTIONS = YES;
				GCC_WARN_64_TO_32_BIT_CONVERSION = YES;
				GCC_WARN_ABOUT_RETURN_TYPE = YES;
				GCC_WARN_UNINITIALIZED_AUTOS = YES;
				GCC_WARN_UNUSED_VARIABLE = YES;
				MACOSX_DEPLOYMENT_TARGET = 10.7;
				SDKROOT = iphoneos;
			};
			name = Release;
		};
/* End XCBuildConfiguration section */

/* Begin XCConfigurationList section */
		064EFB2316715C9F002F0AEC /* Build configuration list for PBXNativeTarget "SPDYUnitTests" */ = {
			isa = XCConfigurationList;
			buildConfigurations = (
				064EFB2416715C9F002F0AEC /* Debug */,
				064EFB2516715C9F002F0AEC /* Release */,
			);
			defaultConfigurationIsVisible = 0;
			defaultConfigurationName = Release;
		};
		0651EBF316F3F7C800CE44D2 /* Build configuration list for PBXNativeTarget "SPDY.iphoneos" */ = {
			isa = XCConfigurationList;
			buildConfigurations = (
				0651EBF116F3F7C800CE44D2 /* Debug */,
				0651EBF216F3F7C800CE44D2 /* Release */,
			);
			defaultConfigurationIsVisible = 0;
			defaultConfigurationName = Release;
		};
		0651EC1116F3F7E500CE44D2 /* Build configuration list for PBXNativeTarget "SPDY.macosx" */ = {
			isa = XCConfigurationList;
			buildConfigurations = (
				0651EC1216F3F7E500CE44D2 /* Debug */,
				0651EC1316F3F7E500CE44D2 /* Release */,
			);
			defaultConfigurationIsVisible = 0;
			defaultConfigurationName = Release;
		};
		0652632416F7B6360081868F /* Build configuration list for PBXNativeTarget "SPDY" */ = {
			isa = XCConfigurationList;
			buildConfigurations = (
				0652632516F7B6360081868F /* Debug */,
				0652632616F7B6360081868F /* Release */,
			);
			defaultConfigurationIsVisible = 0;
			defaultConfigurationName = Release;
		};
		D2CC14A816179B43002E37CF /* Build configuration list for PBXProject "SPDY" */ = {
			isa = XCConfigurationList;
			buildConfigurations = (
				D2CC14BB16179B43002E37CF /* Debug */,
				D2CC14BC16179B43002E37CF /* Release */,
			);
			defaultConfigurationIsVisible = 0;
			defaultConfigurationName = Release;
		};
/* End XCConfigurationList section */
	};
	rootObject = D2CC14A516179B43002E37CF /* Project object */;
}
